{
  "nodes": {
    "annepro2Tools": {
      "inputs": {
        "flake-utils": "flake-utils",
        "nixpkgs": [
          "nixpkgs"
        ]
      },
      "locked": {
        "lastModified": 1756229922,
        "narHash": "sha256-7zYXsh4p/Ys6e970Tquwvxs8/mL3ZN0xvGtJyAItl9Y=",
        "owner": "OpenAnnePro",
        "repo": "AnnePro2-Tools",
        "rev": "a13b82c362e928f4f867cb47d3644e07768b40a8",
        "type": "github"
      },
      "original": {
        "owner": "OpenAnnePro",
        "repo": "AnnePro2-Tools",
        "type": "github"
      }
    },
    "feral": {
      "inputs": {
        "flake-utils": "flake-utils_2",
        "nixpkgs": "nixpkgs",
        "treefmt-nix": "treefmt-nix"
      },
      "locked": {
        "path": "./feral",
        "type": "path"
      },
      "original": {
        "path": "./feral",
        "type": "path"
      },
      "parent": []
    },
    "flake-utils": {
      "inputs": {
        "systems": "systems"
      },
      "locked": {
        "lastModified": 1710146030,
        "narHash": "sha256-SZ5L6eA7HJ/nmkzGG7/ISclqe6oZdOZTNoesiInkXPQ=",
        "owner": "numtide",
        "repo": "flake-utils",
        "rev": "b1d9ab70662946ef0850d488da1c9019f3a9752a",
        "type": "github"
      },
      "original": {
        "owner": "numtide",
        "repo": "flake-utils",
        "type": "github"
      }
    },
    "flake-utils-plus": {
      "inputs": {
        "flake-utils": "flake-utils_3"
      },
      "locked": {
        "lastModified": 1738591040,
        "narHash": "sha256-4WNeriUToshQ/L5J+dTSWC5OJIwT39SEP7V7oylndi8=",
        "owner": "gytis-ivaskevicius",
        "repo": "flake-utils-plus",
        "rev": "afcb15b845e74ac5e998358709b2b5fe42a948d1",
        "type": "github"
      },
      "original": {
        "owner": "gytis-ivaskevicius",
        "ref": "master",
        "repo": "flake-utils-plus",
        "type": "github"
      }
    },
    "flake-utils-plus_2": {
      "inputs": {
        "flake-utils": "flake-utils_4"
      },
      "locked": {
        "lastModified": 1738591040,
        "narHash": "sha256-4WNeriUToshQ/L5J+dTSWC5OJIwT39SEP7V7oylndi8=",
        "owner": "gytis-ivaskevicius",
        "repo": "flake-utils-plus",
        "rev": "afcb15b845e74ac5e998358709b2b5fe42a948d1",
        "type": "github"
      },
      "original": {
        "owner": "gytis-ivaskevicius",
        "ref": "master",
        "repo": "flake-utils-plus",
        "type": "github"
      }
    },
    "flake-utils_2": {
      "inputs": {
        "systems": "systems_2"
      },
      "locked": {
        "lastModified": 1731533236,
        "narHash": "sha256-l0KFg5HjrsfsO/JpG+r7fRrqm12kzFHyUHqHCVpMMbI=",
        "owner": "numtide",
        "repo": "flake-utils",
        "rev": "11707dc2f618dd54ca8739b309ec4fc024de578b",
        "type": "github"
      },
      "original": {
        "owner": "numtide",
        "repo": "flake-utils",
        "type": "github"
      }
    },
    "flake-utils_3": {
      "inputs": {
        "systems": "systems_3"
      },
      "locked": {
        "lastModified": 1694529238,
        "narHash": "sha256-zsNZZGTGnMOf9YpHKJqMSsa0dXbfmxeoJ7xHlrt+xmY=",
        "owner": "numtide",
        "repo": "flake-utils",
        "rev": "ff7b65b44d01cf9ba6a71320833626af21126384",
        "type": "github"
      },
      "original": {
        "owner": "numtide",
        "repo": "flake-utils",
        "type": "github"
      }
    },
    "flake-utils_4": {
      "inputs": {
        "systems": "systems_4"
      },
      "locked": {
        "lastModified": 1694529238,
        "narHash": "sha256-zsNZZGTGnMOf9YpHKJqMSsa0dXbfmxeoJ7xHlrt+xmY=",
        "owner": "numtide",
        "repo": "flake-utils",
        "rev": "ff7b65b44d01cf9ba6a71320833626af21126384",
        "type": "github"
      },
      "original": {
        "owner": "numtide",
        "repo": "flake-utils",
        "type": "github"
      }
    },
    "nixpkgs": {
      "locked": {
        "lastModified": 1753429684,
        "narHash": "sha256-9h7+4/53cSfQ/uA3pSvCaBepmZaz/dLlLVJnbQ+SJjk=",
        "owner": "NixOS",
        "repo": "nixpkgs",
        "rev": "7fd36ee82c0275fb545775cc5e4d30542899511d",
        "type": "github"
      },
      "original": {
        "owner": "NixOS",
        "ref": "nixos-unstable",
        "repo": "nixpkgs",
        "type": "github"
      }
    },
    "nixpkgs_2": {
      "locked": {
        "lastModified": 1770537093,
        "narHash": "sha256-pF1quXG5wsgtyuPOHcLfYg/ft/QMr8NnX0i6tW2187s=",
        "owner": "nixos",
        "repo": "nixpkgs",
        "rev": "fef9403a3e4d31b0a23f0bacebbec52c248fbb51",
        "type": "github"
      },
      "original": {
        "owner": "nixos",
        "ref": "nixpkgs-unstable",
        "repo": "nixpkgs",
        "type": "github"
      }
    },
    "openocd-ht32-source": {
      "flake": false,
      "locked": {
        "lastModified": 1483498785,
        "narHash": "sha256-E5MunGHPEFi8DRwvLNtknUde1nheTHQR2Y9AXh1eBNo=",
        "ref": "refs/heads/master",
        "rev": "e3fa2ecb1993bc7869b36e99a45027e112823a42",
        "revCount": 7296,
        "type": "git",
        "url": "https://github.com/ChaoticEnigma/openocd-ht32"
      },
      "original": {
        "type": "git",
        "url": "https://github.com/ChaoticEnigma/openocd-ht32"
      }
    },
    "pok3r-re-firmware-source": {
      "flake": false,
      "locked": {
        "lastModified": 1631207645,
        "narHash": "sha256-2Fulx/XJriRlhF0IArsuZ8zk0Vo55ssBB79paVo4MTc=",
        "ref": "refs/heads/master",
        "rev": "2fd4073aeefe713ef769b93b077aa67090a0b620",
        "revCount": 294,
        "type": "git",
        "url": "https://github.com/pok3r-custom/pok3r_re_firmware"
      },
      "original": {
        "type": "git",
        "url": "https://github.com/pok3r-custom/pok3r_re_firmware"
      }
    },
    "pok3rtool-source": {
      "flake": false,
      "locked": {
        "lastModified": 1767502596,
        "narHash": "sha256-zkXxwPM29LmhmPn7IfXogT7yeFkA/l/ad8uijBh/LKA=",
        "ref": "refs/heads/master",
        "rev": "7da3d5169bd5d7218464d302024e97c0d109999a",
        "revCount": 210,
        "type": "git",
        "url": "https://github.com/pok3r-custom/pok3rtool"
      },
      "original": {
        "type": "git",
        "url": "https://github.com/pok3r-custom/pok3rtool"
      }
    },
    "qmk-firmware-source": {
      "flake": false,
      "locked": {
        "lastModified": 1779673828,
        "narHash": "sha256-ox5P/HjgvVM6J//vA2+9yJixKFsz8I3pnL94OzM2M98=",
        "ref": "refs/heads/master",
        "rev": "c701efbb53cbfd95bc17f62cce4e1014150c1b01",
        "revCount": 29429,
        "submodules": true,
        "type": "git",
        "url": "https://github.com/qmk/qmk_firmware"
      },
      "original": {
        "submodules": true,
        "type": "git",
        "url": "https://github.com/qmk/qmk_firmware"
      }
    },
    "qmk-nix-utils": {
      "inputs": {
        "flake-utils-plus": "flake-utils-plus_2",
        "nixpkgsUnstable": [
          "nixpkgs"
        ]
      },
      "locked": {
        "lastModified": 1770695927,
        "narHash": "sha256-pH7XNKejQe7rChdsohDX1JYsVgbu4NznEoEjqRiZRAY=",
        "owner": "tommoa",
        "repo": "qmk-nix-utils",
        "rev": "b6d9139630be47097307849ea4ab69a32c146771",
        "type": "github"
      },
      "original": {
        "owner": "tommoa",
        "repo": "qmk-nix-utils",
        "type": "github"
      }
    },
    "root": {
      "inputs": {
        "annepro2Tools": "annepro2Tools",
        "feral": "feral",
        "flake-utils-plus": "flake-utils-plus",
        "nixpkgs": "nixpkgs_2",
        "openocd-ht32-source": "openocd-ht32-source",
        "pok3r-re-firmware-source": "pok3r-re-firmware-source",
        "pok3rtool-source": "pok3rtool-source",
        "qmk-firmware-source": "qmk-firmware-source",
        "qmk-nix-utils": "qmk-nix-utils",
        "treefmt-nix": "treefmt-nix_2",
        "vortex-qmk-source": "vortex-qmk-source",
        "zmk-nix": "zmk-nix"
      }
    },
    "systems": {
      "locked": {
        "lastModified": 1681028828,
        "narHash": "sha256-Vy1rq5AaRuLzOxct8nz4T6wlgyUR7zLU309k9mBC768=",
        "owner": "nix-systems",
        "repo": "default",
        "rev": "da67096a3b9bf56a91d16901293e51ba5b49a27e",
        "type": "github"
      },
      "original": {
        "owner": "nix-systems",
        "repo": "default",
        "type": "github"
      }
    },
    "systems_2": {
      "locked": {
        "lastModified": 1681028828,
        "narHash": "sha256-Vy1rq5AaRuLzOxct8nz4T6wlgyUR7zLU309k9mBC768=",
        "owner": "nix-systems",
        "repo": "default",
        "rev": "da67096a3b9bf56a91d16901293e51ba5b49a27e",
        "type": "github"
      },
      "original": {
        "owner": "nix-systems",
        "repo": "default",
        "type": "github"
      }
    },
    "systems_3": {
      "locked": {
        "lastModified": 1681028828,
        "narHash": "sha256-Vy1rq5AaRuLzOxct8nz4T6wlgyUR7zLU309k9mBC768=",
        "owner": "nix-systems",
        "repo": "default",
        "rev": "da67096a3b9bf56a91d16901293e51ba5b49a27e",
        "type": "github"
      },
      "original": {
        "owner": "nix-systems",
        "repo": "default",
        "type": "github"
      }
    },
    "systems_4": {
      "locked": {
        "lastModified": 1681028828,
        "narHash": "sha256-Vy1rq5AaRuLzOxct8nz4T6wlgyUR7zLU309k9mBC768=",
        "owner": "nix-systems",
        "repo": "default",
        "rev": "da67096a3b9bf56a91d16901293e51ba5b49a27e",
        "type": "github"
      },
      "original": {
        "owner": "nix-systems",
        "repo": "default",
        "type": "github"
      }
    },
    "treefmt-nix": {
      "inputs": {
        "nixpkgs": [
          "feral",
          "nixpkgs"
        ]
      },
      "locked": {
        "lastModified": 1770228511,
        "narHash": "sha256-wQ6NJSuFqAEmIg2VMnLdCnUc0b7vslUohqqGGD+Fyxk=",
        "owner": "numtide",
        "repo": "treefmt-nix",
        "rev": "337a4fe074be1042a35086f15481d763b8ddc0e7",
        "type": "github"
      },
      "original": {
        "owner": "numtide",
        "repo": "treefmt-nix",
        "type": "github"
      }
    },
    "treefmt-nix_2": {
      "inputs": {
        "nixpkgs": [
          "nixpkgs"
        ]
      },
      "locked": {
        "lastModified": 1770228511,
        "narHash": "sha256-wQ6NJSuFqAEmIg2VMnLdCnUc0b7vslUohqqGGD+Fyxk=",
        "owner": "numtide",
        "repo": "treefmt-nix",
        "rev": "337a4fe074be1042a35086f15481d763b8ddc0e7",
        "type": "github"
      },
      "original": {
        "owner": "numtide",
        "repo": "treefmt-nix",
        "type": "github"
      }
    },
    "vortex-qmk-source": {
      "flake": false,
      "locked": {
        "lastModified": 1594190874,
        "narHash": "sha256-RvfAhMH1ElQwILRVghCe+qc3wHx9tQk6ctU9RGXQvWw=",
        "ref": "refs/heads/master",
        "rev": "e2d470113a0db497d866be9bda56af7378180602",
        "revCount": 7403,
        "submodules": true,
        "type": "git",
        "url": "https://github.com/pok3r-custom/qmk_pok3r"
      },
      "original": {
        "submodules": true,
        "type": "git",
        "url": "https://github.com/pok3r-custom/qmk_pok3r"
      }
    },
    "zmk-nix": {
      "inputs": {
        "nixpkgs": [
          "nixpkgs"
        ]
      },
      "locked": {
        "lastModified": 1780190665,
        "narHash": "sha256-qjX/sj0d8rYXAoXrL5Wj9APeO/yPIYL3r0+WmsZ4x6g=",
        "owner": "lilyinstarlight",
        "repo": "zmk-nix",
        "rev": "0e4a429a56dfc7f1cd8a354373e0bd22b5098276",
        "type": "github"
      },
      "original": {
        "owner": "lilyinstarlight",
        "repo": "zmk-nix",
        "type": "github"
      }
    }
  },
  "root": "root",
  "version": 7
}
